
Microsoft Visual Studio Solution File, Format Version 11.00
# Visual Studio 2010
Project("{FAE04EC0-301F-11D3-BF4B-00C04F79EFBC}") = "Boxophobic.Utils.Editor", "Boxophobic.Utils.Editor.csproj", "{df629c5c-1c3d-adad-f01f-84208af31246}"
EndProject
Project("{FAE04EC0-301F-11D3-BF4B-00C04F79EFBC}") = "Boxophobic.Utils.Scripts", "Boxophobic.Utils.Scripts.csproj", "{519be63e-5e6f-ff03-17f0-bc48cc6347f0}"
EndProject
Project("{FAE04EC0-301F-11D3-BF4B-00C04F79EFBC}") = "Assembly-CSharp", "Assembly-CSharp.csproj", "{3bce4a6e-1303-bc32-1e86-166adddf6261}"
EndProject
Project("{FAE04EC0-301F-11D3-BF4B-00C04F79EFBC}") = "Boxophobic.SkyboxCubemapExtended.Editor", "Boxophobic.SkyboxCubemapExtended.Editor.csproj", "{895e4a1f-d919-16e8-ea9b-4930b5b16a95}"
EndProject
Global
	GlobalSection(SolutionConfigurationPlatforms) = preSolution
		Debug|Any CPU = Debug|Any CPU
	EndGlobalSection
	GlobalSection(ProjectConfigurationPlatforms) = postSolution
		{df629c5c-1c3d-adad-f01f-84208af31246}.Debug|Any CPU.ActiveCfg = Debug|Any CPU
		{df629c5c-1c3d-adad-f01f-84208af31246}.Debug|Any CPU.Build.0 = Debug|Any CPU
		{519be63e-5e6f-ff03-17f0-bc48cc6347f0}.Debug|Any CPU.ActiveCfg = Debug|Any CPU
		{519be63e-5e6f-ff03-17f0-bc48cc6347f0}.Debug|Any CPU.Build.0 = Debug|Any CPU
		{3bce4a6e-1303-bc32-1e86-166adddf6261}.Debug|Any CPU.ActiveCfg = Debug|Any CPU
		{3bce4a6e-1303-bc32-1e86-166adddf6261}.Debug|Any CPU.Build.0 = Debug|Any CPU
		{895e4a1f-d919-16e8-ea9b-4930b5b16a95}.Debug|Any CPU.ActiveCfg = Debug|Any CPU
		{895e4a1f-d919-16e8-ea9b-4930b5b16a95}.Debug|Any CPU.Build.0 = Debug|Any CPU
	EndGlobalSection
	GlobalSection(SolutionProperties) = preSolution
		HideSolutionNode = FALSE
	EndGlobalSection
EndGlobal
